// !$*UTF8*$!
{
	archiveVersion = 1;
	classes = {
	};
	objectVersion = 46;
	objects = {

/* Begin PBXBuildFile section */
		4549848619427AD00002FA31 /* AppDelegate.swift in Sources */ = {isa = PBXBuildFile; fileRef = 4549848519427AD00002FA31 /* AppDelegate.swift */; };
		4549848819427AD00002FA31 /* GameViewController.swift in Sources */ = {isa = PBXBuildFile; fileRef = 4549848719427AD00002FA31 /* GameViewController.swift */; };
		4549848B19427AD00002FA31 /* Main.storyboard in Resources */ = {isa = PBXBuildFile; fileRef = 4549848919427AD00002FA31 /* Main.storyboard */; };
		4549848D19427AD00002FA31 /* Images.xcassets in Resources */ = {isa = PBXBuildFile; fileRef = 4549848C19427AD00002FA31 /* Images.xcassets */; };
		4549849919427AD00002FA31 /* SceneKitTestTests.swift in Sources */ = {isa = PBXBuildFile; fileRef = 4549849819427AD00002FA31 /* SceneKitTestTests.swift */; };
		454984A919427B820002FA31 /* earth_ambient.jpg in Resources */ = {isa = PBXBuildFile; fileRef = 454984A219427B820002FA31 /* earth_ambient.jpg */; };
		454984AA19427B820002FA31 /* earth_ambient2.jpeg in Resources */ = {isa = PBXBuildFile; fileRef = 454984A319427B820002FA31 /* earth_ambient2.jpeg */; };
		454984AB19427B820002FA31 /* earth_clouds.jpg in Resources */ = {isa = PBXBuildFile; fileRef = 454984A419427B820002FA31 /* earth_clouds.jpg */; };
		454984AC19427B820002FA31 /* earth_clouds.png in Resources */ = {isa = PBXBuildFile; fileRef = 454984A519427B820002FA31 /* earth_clouds.png */; };
		454984AD19427B820002FA31 /* earth_diffuse.jpg in Resources */ = {isa = PBXBuildFile; fileRef = 454984A619427B820002FA31 /* earth_diffuse.jpg */; };
		454984AE19427B820002FA31 /* earth_normals.png in Resources */ = {isa = PBXBuildFile; fileRef = 454984A719427B820002FA31 /* earth_normals.png */; };
		454984AF19427B820002FA31 /* earth_specular.jpg in Resources */ = {isa = PBXBuildFile; fileRef = 454984A819427B820002FA31 /* earth_specular.jpg */; };
		454984B219427BA10002FA31 /* CGlobeScene.m in Sources */ = {isa = PBXBuildFile; fileRef = 454984B119427BA10002FA31 /* CGlobeScene.m */; };
		454984B719427C9C0002FA31 /* GlobeScene.swift in Sources */ = {isa = PBXBuildFile; fileRef = 454984B619427C9C0002FA31 /* GlobeScene.swift */; };
/* End PBXBuildFile section */

/* Begin PBXContainerItemProxy section */
		4549849319427AD00002FA31 /* PBXContainerItemProxy */ = {
			isa = PBXContainerItemProxy;
			containerPortal = 4549847819427AD00002FA31 /* Project object */;
			proxyType = 1;
			remoteGlobalIDString = 4549847F19427AD00002FA31;
			remoteInfo = SceneKitTest;
		};
/* End PBXContainerItemProxy section */

/* Begin PBXFileReference section */
		4549848019427AD00002FA31 /* SceneKitTest.app */ = {isa = PBXFileReference; explicitFileType = wrapper.application; includeInIndex = 0; path = SceneKitTest.app; sourceTree = BUILT_PRODUCTS_DIR; };
		4549848419427AD00002FA31 /* Info.plist */ = {isa = PBXFileReference; lastKnownFileType = text.plist.xml; path = Info.plist; sourceTree = "<group>"; };
		4549848519427AD00002FA31 /* AppDelegate.swift */ = {isa = PBXFileReference; lastKnownFileType = sourcecode.swift; path = AppDelegate.swift; sourceTree = "<group>"; };
		4549848719427AD00002FA31 /* GameViewController.swift */ = {isa = PBXFileReference; lastKnownFileType = sourcecode.swift; path = GameViewController.swift; sourceTree = "<group>"; };
		4549848A19427AD00002FA31 /* Base */ = {isa = PBXFileReference; lastKnownFileType = file.storyboard; name = Base; path = Base.lproj/Main.storyboard; sourceTree = "<group>"; };
		4549848C19427AD00002FA31 /* Images.xcassets */ = {isa = PBXFileReference; lastKnownFileType = folder.assetcatalog; path = Images.xcassets; sourceTree = "<group>"; };
		4549849219427AD00002FA31 /* SceneKitTestTests.xctest */ = {isa = PBXFileReference; explicitFileType = wrapper.cfbundle; includeInIndex = 0; path = SceneKitTestTests.xctest; sourceTree = BUILT_PRODUCTS_DIR; };
		4549849719427AD00002FA31 /* Info.plist */ = {isa = PBXFileReference; lastKnownFileType = text.plist.xml; path = Info.plist; sourceTree = "<group>"; };
		4549849819427AD00002FA31 /* SceneKitTestTests.swift */ = {isa = PBXFileReference; lastKnownFileType = sourcecode.swift; path = SceneKitTestTests.swift; sourceTree = "<group>"; };
		454984A219427B820002FA31 /* earth_ambient.jpg */ = {isa = PBXFileReference; lastKnownFileType = image.jpeg; path = earth_ambient.jpg; sourceTree = "<group>"; };
		454984A319427B820002FA31 /* earth_ambient2.jpeg */ = {isa = PBXFileReference; lastKnownFileType = image.jpeg; path = earth_ambient2.jpeg; sourceTree = "<group>"; };
		454984A419427B820002FA31 /* earth_clouds.jpg */ = {isa = PBXFileReference; lastKnownFileType = image.jpeg; path = earth_clouds.jpg; sourceTree = "<group>"; };
		454984A519427B820002FA31 /* earth_clouds.png */ = {isa = PBXFileReference; lastKnownFileType = image.png; path = earth_clouds.png; sourceTree = "<group>"; };
		454984A619427B820002FA31 /* earth_diffuse.jpg */ = {isa = PBXFileReference; lastKnownFileType = image.jpeg; path = earth_diffuse.jpg; sourceTree = "<group>"; };
		454984A719427B820002FA31 /* earth_normals.png */ = {isa = PBXFileReference; lastKnownFileType = image.png; path = earth_normals.png; sourceTree = "<group>"; };
		454984A819427B820002FA31 /* earth_specular.jpg */ = {isa = PBXFileReference; lastKnownFileType = image.jpeg; path = earth_specular.jpg; sourceTree = "<group>"; };
		454984B019427BA10002FA31 /* CGlobeScene.h */ = {isa = PBXFileReference; fileEncoding = 4; lastKnownFileType = sourcecode.c.h; path = CGlobeScene.h; sourceTree = "<group>"; };
		454984B119427BA10002FA31 /* CGlobeScene.m */ = {isa = PBXFileReference; fileEncoding = 4; lastKnownFileType = sourcecode.c.objc; path = CGlobeScene.m; sourceTree = "<group>"; };
		454984B619427C9C0002FA31 /* GlobeScene.swift */ = {isa = PBXFileReference; fileEncoding = 4; lastKnownFileType = sourcecode.swift; path = GlobeScene.swift; sourceTree = "<group>"; };
/* End PBXFileReference section */

/* Begin PBXFrameworksBuildPhase section */
		4549847D19427AD00002FA31 /* Frameworks */ = {
			isa = PBXFrameworksBuildPhase;
			buildActionMask = 2147483647;
			files = (
			);
			runOnlyForDeploymentPostprocessing = 0;
		};
		4549848F19427AD00002FA31 /* Frameworks */ = {
			isa = PBXFrameworksBuildPhase;
			buildActionMask = 2147483647;
			files = (
			);
			runOnlyForDeploymentPostprocessing = 0;
		};
/* End PBXFrameworksBuildPhase section */

/* Begin PBXGroup section */
		4549847719427AD00002FA31 = {
			isa = PBXGroup;
			children = (
				4549848219427AD00002FA31 /* SceneKitTest */,
				4549849519427AD00002FA31 /* SceneKitTestTests */,
				4549848119427AD00002FA31 /* Products */,
			);
			sourceTree = "<group>";
		};
		4549848119427AD00002FA31 /* Products */ = {
			isa = PBXGroup;
			children = (
				4549848019427AD00002FA31 /* SceneKitTest.app */,
				4549849219427AD00002FA31 /* SceneKitTestTests.xctest */,
			);
			name = Products;
			sourceTree = "<group>";
		};
		4549848219427AD00002FA31 /* SceneKitTest */ = {
			isa = PBXGroup;
			children = (
				4549848519427AD00002FA31 /* AppDelegate.swift */,
				4549848719427AD00002FA31 /* GameViewController.swift */,
				454984B619427C9C0002FA31 /* GlobeScene.swift */,
				4549848919427AD00002FA31 /* Main.storyboard */,
				454984A219427B820002FA31 /* earth_ambient.jpg */,
				454984A319427B820002FA31 /* earth_ambient2.jpeg */,
				454984A419427B820002FA31 /* earth_clouds.jpg */,
				454984A519427B820002FA31 /* earth_clouds.png */,
				454984A619427B820002FA31 /* earth_diffuse.jpg */,
				454984A719427B820002FA31 /* earth_normals.png */,
				454984A819427B820002FA31 /* earth_specular.jpg */,
				454984B019427BA10002FA31 /* CGlobeScene.h */,
				454984B119427BA10002FA31 /* CGlobeScene.m */,
				4549848C19427AD00002FA31 /* Images.xcassets */,
				4549848319427AD00002FA31 /* Supporting Files */,
			);
			path = SceneKitTest;
			sourceTree = "<group>";
		};
		4549848319427AD00002FA31 /* Supporting Files */ = {
			isa = PBXGroup;
			children = (
				4549848419427AD00002FA31 /* Info.plist */,
			);
			name = "Supporting Files";
			sourceTree = "<group>";
		};
		4549849519427AD00002FA31 /* SceneKitTestTests */ = {
			isa = PBXGroup;
			children = (
				4549849819427AD00002FA31 /* SceneKitTestTests.swift */,
				4549849619427AD00002FA31 /* Supporting Files */,
			);
			path = SceneKitTestTests;
			sourceTree = "<group>";
		};
		4549849619427AD00002FA31 /* Supporting Files */ = {
			isa = PBXGroup;
			children = (
				4549849719427AD00002FA31 /* Info.plist */,
			);
			name = "Supporting Files";
			sourceTree = "<group>";
		};
/* End PBXGroup section */

/* Begin PBXNativeTarget section */
		4549847F19427AD00002FA31 /* SceneKitTest */ = {
			isa = PBXNativeTarget;
			buildConfigurationList = 4549849C19427AD00002FA31 /* Build configuration list for PBXNativeTarget "SceneKitTest" */;
			buildPhases = (
				4549847C19427AD00002FA31 /* Sources */,
				4549847D19427AD00002FA31 /* Frameworks */,
				4549847E19427AD00002FA31 /* Resources */,
			);
			buildRules = (
			);
			dependencies = (
			);
			name = SceneKitTest;
			productName = SceneKitTest;
			productReference = 4549848019427AD00002FA31 /* SceneKitTest.app */;
			productType = "com.apple.product-type.application";
		};
		4549849119427AD00002FA31 /* SceneKitTestTests */ = {
			isa = PBXNativeTarget;
			buildConfigurationList = 4549849F19427AD00002FA31 /* Build configuration list for PBXNativeTarget "SceneKitTestTests" */;
			buildPhases = (
				4549848E19427AD00002FA31 /* Sources */,
				4549848F19427AD00002FA31 /* Frameworks */,
				4549849019427AD00002FA31 /* Resources */,
			);
			buildRules = (
			);
			dependencies = (
				4549849419427AD00002FA31 /* PBXTargetDependency */,
			);
			name = SceneKitTestTests;
			productName = SceneKitTestTests;
			productReference = 4549849219427AD00002FA31 /* SceneKitTestTests.xctest */;
			productType = "com.apple.product-type.bundle.unit-test";
		};
/* End PBXNativeTarget section */

/* Begin PBXProject section */
		4549847819427AD00002FA31 /* Project object */ = {
			isa = PBXProject;
			attributes = {
				LastUpgradeCheck = 0600;
				ORGANIZATIONNAME = schwa.io;
				TargetAttributes = {
					4549847F19427AD00002FA31 = {
						CreatedOnToolsVersion = 6.0;
					};
					4549849119427AD00002FA31 = {
						CreatedOnToolsVersion = 6.0;
						TestTargetID = 4549847F19427AD00002FA31;
					};
				};
			};
			buildConfigurationList = 4549847B19427AD00002FA31 /* Build configuration list for PBXProject "SceneKitTest" */;
			compatibilityVersion = "Xcode 3.2";
			developmentRegion = English;
			hasScannedForEncodings = 0;
			knownRegions = (
				en,
				Base,
			);
			mainGroup = 4549847719427AD00002FA31;
			productRefGroup = 4549848119427AD00002FA31 /* Products */;
			projectDirPath = "";
			projectRoot = "";
			targets = (
				4549847F19427AD00002FA31 /* SceneKitTest */,
				4549849119427AD00002FA31 /* SceneKitTestTests */,
			);
		};
/* End PBXProject section */

/* Begin PBXResourcesBuildPhase section */
		4549847E19427AD00002FA31 /* Resources */ = {
			isa = PBXResourcesBuildPhase;
			buildActionMask = 2147483647;
			files = (
				454984AC19427B820002FA31 /* earth_clouds.png in Resources */,
				454984AF19427B820002FA31 /* earth_specular.jpg in Resources */,
				454984AA19427B820002FA31 /* earth_ambient2.jpeg in Resources */,
				454984A919427B820002FA31 /* earth_ambient.jpg in Resources */,
				454984AE19427B820002FA31 /* earth_normals.png in Resources */,
				454984AD19427B820002FA31 /* earth_diffuse.jpg in Resources */,
				4549848B19427AD00002FA31 /* Main.storyboard in Resources */,
				454984AB19427B820002FA31 /* earth_clouds.jpg in Resources */,
				4549848D19427AD00002FA31 /* Images.xcassets in Resources */,
			);
			runOnlyForDeploymentPostprocessing = 0;
		};
		4549849019427AD00002FA31 /* Resources */ = {
			isa = PBXResourcesBuildPhase;
			buildActionMask = 2147483647;
			files = (
			);
			runOnlyForDeploymentPostprocessing = 0;
		};
/* End PBXResourcesBuildPhase section */

/* Begin PBXSourcesBuildPhase section */
		4549847C19427AD00002FA31 /* Sources */ = {
			isa = PBXSourcesBuildPhase;
			buildActionMask = 2147483647;
			files = (
				4549848819427AD00002FA31 /* GameViewController.swift in Sources */,
				4549848619427AD00002FA31 /* AppDelegate.swift in Sources */,
				454984B719427C9C0002FA31 /* GlobeScene.swift in Sources */,
				454984B219427BA10002FA31 /* CGlobeScene.m in Sources */,
			);
			runOnlyForDeploymentPostprocessing = 0;
		};
		4549848E19427AD00002FA31 /* Sources */ = {
			isa = PBXSourcesBuildPhase;
			buildActionMask = 2147483647;
			files = (
				4549849919427AD00002FA31 /* SceneKitTestTests.swift in Sources */,
			);
			runOnlyForDeploymentPostprocessing = 0;
		};
/* End PBXSourcesBuildPhase section */

/* Begin PBXTargetDependency section */
		4549849419427AD00002FA31 /* PBXTargetDependency */ = {
			isa = PBXTargetDependency;
			target = 4549847F19427AD00002FA31 /* SceneKitTest */;
			targetProxy = 4549849319427AD00002FA31 /* PBXContainerItemProxy */;
		};
/* End PBXTargetDependency section */

/* Begin PBXVariantGroup section */
		4549848919427AD00002FA31 /* Main.storyboard */ = {
			isa = PBXVariantGroup;
			children = (
				4549848A19427AD00002FA31 /* Base */,
			);
			name = Main.storyboard;
			sourceTree = "<group>";
		};
/* End PBXVariantGroup section */

/* Begin XCBuildConfiguration section */
		4549849A19427AD00002FA31 /* Debug */ = {
			isa = XCBuildConfiguration;
			buildSettings = {
				ALWAYS_SEARCH_USER_PATHS = NO;
				CLANG_CXX_LANGUAGE_STANDARD = "gnu++0x";
				CLANG_CXX_LIBRARY = "libc++";
				CLANG_ENABLE_MODULES = YES;
				CLANG_ENABLE_OBJC_ARC = YES;
				CLANG_WARN_BOOL_CONVERSION = YES;
				CLANG_WARN_CONSTANT_CONVERSION = YES;
				CLANG_WARN_DIRECT_OBJC_ISA_USAGE = YES_ERROR;
				CLANG_WARN_EMPTY_BODY = YES;
				CLANG_WARN_ENUM_CONVERSION = YES;
				CLANG_WARN_INT_CONVERSION = YES;
				CLANG_WARN_OBJC_ROOT_CLASS = YES_ERROR;
				CLANG_WARN_UNREACHABLE_CODE = YES;
				CLANG_WARN__DUPLICATE_METHOD_MATCH = YES;
				"CODE_SIGN_IDENTITY[sdk=iphoneos*]" = "iPhone Developer";
				COPY_PHASE_STRIP = NO;
				ENABLE_STRICT_OBJC_MSGSEND = YES;
				GCC_C_LANGUAGE_STANDARD = gnu99;
				GCC_DYNAMIC_NO_PIC = NO;
				GCC_OPTIMIZATION_LEVEL = 0;
				GCC_PREPROCESSOR_DEFINITIONS = (
					"DEBUG=1",
					"$(inherited)",
				);
				GCC_SYMBOLS_PRIVATE_EXTERN = NO;
				GCC_WARN_64_TO_32_BIT_CONVERSION = YES;
				GCC_WARN_ABOUT_RETURN_TYPE = YES_ERROR;
				GCC_WARN_UNDECLARED_SELECTOR = YES;
				GCC_WARN_UNINITIALIZED_AUTOS = YES_AGGRESSIVE;
				GCC_WARN_UNUSED_FUNCTION = YES;
				GCC_WARN_UNUSED_VARIABLE = YES;
				IPHONEOS_DEPLOYMENT_TARGET = 8.0;
				METAL_ENABLE_DEBUG_INFO = YES;
				ONLY_ACTIVE_ARCH = YES;
				SDKROOT = iphoneos;
				SWIFT_OPTIMIZATION_LEVEL = "-Onone";
				TARGETED_DEVICE_FAMILY = "1,2";
			};
			name = Debug;
		};
		4549849B19427AD00002FA31 /* Release */ = {
			isa = XCBuildConfiguration;
			buildSettings = {
				ALWAYS_SEARCH_USER_PATHS = NO;
				CLANG_CXX_LANGUAGE_STANDARD = "gnu++0x";
				CLANG_CXX_LIBRARY = "libc++";
				CLANG_ENABLE_MODULES = YES;
				CLANG_ENABLE_OBJC_ARC = YES;
				CLANG_WARN_BOOL_CONVERSION = YES;
				CLANG_WARN_CONSTANT_CONVERSION = YES;
				CLANG_WARN_DIRECT_OBJC_ISA_USAGE = YES_ERROR;
				CLANG_WARN_EMPTY_BODY = YES;
				CLANG_WARN_ENUM_CONVERSION = YES;
				CLANG_WARN_INT_CONVERSION = YES;
				CLANG_WARN_OBJC_ROOT_CLASS = YES_ERROR;
				CLANG_WARN_UNREACHABLE_CODE = YES;
				CLANG_WARN__DUPLICATE_METHOD_MATCH = YES;
				"CODE_SIGN_IDENTITY[sdk=iphoneos*]" = "iPhone Developer";
				COPY_PHASE_STRIP = YES;
				ENABLE_NS_ASSERTIONS = NO;
				ENABLE_STRICT_OBJC_MSGSEND = YES;
				GCC_C_LANGUAGE_STANDARD = gnu99;
				GCC_WARN_64_TO_32_BIT_CONVERSION = YES;
				GCC_WARN_ABOUT_RETURN_TYPE = YES_ERROR;
				GCC_WARN_UNDECLARED_SELECTOR = YES;
				GCC_WARN_UNINITIALIZED_AUTOS = YES_AGGRESSIVE;
				GCC_WARN_UNUSED_FUNCTION = YES;
				GCC_WARN_UNUSED_VARIABLE = YES;
				IPHONEOS_DEPLOYMENT_TARGET = 8.0;
				METAL_ENABLE_DEBUG_INFO = NO;
				SDKROOT = iphoneos;
				TARGETED_DEVICE_FAMILY = "1,2";
				VALIDATE_PRODUCT = YES;
			};
			name = Release;
		};
		4549849D19427AD00002FA31 /* Debug */ = {
			isa = XCBuildConfiguration;
			buildSettings = {
				ASSETCATALOG_COMPILER_APPICON_NAME = AppIcon;
				ASSETCATALOG_COMPILER_LAUNCHIMAGE_NAME = LaunchImage;
				CLANG_ENABLE_MODULES = YES;
				INFOPLIST_FILE = SceneKitTest/Info.plist;
				LD_RUNPATH_SEARCH_PATHS = "$(inherited) @executable_path/Frameworks";
				PRODUCT_NAME = "$(TARGET_NAME)";
				SWIFT_OPTIMIZATION_LEVEL = "-Onone";
			};
			name = Debug;
		};
		4549849E19427AD00002FA31 /* Release */ = {
			isa = XCBuildConfiguration;
			buildSettings = {
				ASSETCATALOG_COMPILER_APPICON_NAME = AppIcon;
				ASSETCATALOG_COMPILER_LAUNCHIMAGE_NAME = LaunchImage;
				CLANG_ENABLE_MODULES = YES;
				INFOPLIST_FILE = SceneKitTest/Info.plist;
				LD_RUNPATH_SEARCH_PATHS = "$(inherited) @executable_path/Frameworks";
				PRODUCT_NAME = "$(TARGET_NAME)";
			};
			name = Release;
		};
		454984A019427AD00002FA31 /* Debug */ = {
			isa = XCBuildConfiguration;
			buildSettings = {
				BUNDLE_LOADER = "$(BUILT_PRODUCTS_DIR)/SceneKitTest.app/SceneKitTest";
				FRAMEWORK_SEARCH_PATHS = (
					"$(SDKROOT)/Developer/Library/Frameworks",
					"$(inherited)",
				);
				GCC_PREPROCESSOR_DEFINITIONS = (
					"DEBUG=1",
					"$(inherited)",
				);
				INFOPLIST_FILE = SceneKitTestTests/Info.plist;
				LD_RUNPATH_SEARCH_PATHS = "$(inherited) @executable_path/Frameworks @loader_path/Frameworks";
				METAL_ENABLE_DEBUG_INFO = YES;
				PRODUCT_NAME = "$(TARGET_NAME)";
				TEST_HOST = "$(BUNDLE_LOADER)";
			};
			name = Debug;
		};
		454984A119427AD00002FA31 /* Release */ = {
			isa = XCBuildConfiguration;
			buildSettings = {
				BUNDLE_LOADER = "$(BUILT_PRODUCTS_DIR)/SceneKitTest.app/SceneKitTest";
				FRAMEWORK_SEARCH_PATHS = (
					"$(SDKROOT)/Developer/Library/Frameworks",
					"$(inherited)",
				);
				INFOPLIST_FILE = SceneKitTestTests/Info.plist;
				LD_RUNPATH_SEARCH_PATHS = "$(inherited) @executable_path/Frameworks @loader_path/Frameworks";
				METAL_ENABLE_DEBUG_INFO = NO;
				PRODUCT_NAME = "$(TARGET_NAME)";
				TEST_HOST = "$(BUNDLE_LOADER)";
			};
			name = Release;
		};
/* End XCBuildConfiguration section */

/* Begin XCConfigurationList section */
		4549847B19427AD00002FA31 /* Build configuration list for PBXProject "SceneKitTest" */ = {
			isa = XCConfigurationList;
			buildConfigurations = (
				4549849A19427AD00002FA31 /* Debug */,
				4549849B19427AD00002FA31 /* Release */,
			);
			defaultConfigurationIsVisible = 0;
			defaultConfigurationName = Release;
		};
		4549849C19427AD00002FA31 /* Build configuration list for PBXNativeTarget "SceneKitTest" */ = {
			isa = XCConfigurationList;
			buildConfigurations = (
				4549849D19427AD00002FA31 /* Debug */,
				4549849E19427AD00002FA31 /* Release */,
			);
			defaultConfigurationIsVisible = 0;
			defaultConfigurationName = Release;
		};
		4549849F19427AD00002FA31 /* Build configuration list for PBXNativeTarget "SceneKitTestTests" */ = {
			isa = XCConfigurationList;
			buildConfigurations = (
				454984A019427AD00002FA31 /* Debug */,
				454984A119427AD00002FA31 /* Release */,
			);
			defaultConfigurationIsVisible = 0;
			defaultConfigurationName = Release;
		};
/* End XCConfigurationList section */
	};
	rootObject = 4549847819427AD00002FA31 /* Project object */;
}
